Microsoft Visual Studio Solution File, Format Version 12.00
# Visual Studio Version 17
VisualStudioVersion = 17.5.2.0
MinimumVisualStudioVersion = 10.0.40219.1
Project("{FAE04EC0-301F-11D3-BF4B-00C04F79EFBC}") = "Tobot.Device", "Tobot.Device\Tobot.Device.csproj", "{100DC441-243A-FD11-78E3-9AD4AB533861}"
EndProject
Project("{FAE04EC0-301F-11D3-BF4B-00C04F79EFBC}") = "Tobot", "Tobot\Tobot.csproj", "{D56C80C0-3196-6482-1A91-D30236DF044C}"
EndProject
Global
	GlobalSection(SolutionConfigurationPlatforms) = preSolution
		Debug|Any CPU = Debug|Any CPU
		Release|Any CPU = Release|Any CPU
	EndGlobalSection
	GlobalSection(ProjectConfigurationPlatforms) = postSolution
		{100DC441-243A-FD11-78E3-9AD4AB533861}.Debug|Any CPU.ActiveCfg = Debug|Any CPU
		{100DC441-243A-FD11-78E3-9AD4AB533861}.Debug|Any CPU.Build.0 = Debug|Any CPU
		{100DC441-243A-FD11-78E3-9AD4AB533861}.Release|Any CPU.ActiveCfg = Release|Any CPU
		{100DC441-243A-FD11-78E3-9AD4AB533861}.Release|Any CPU.Build.0 = Release|Any CPU
		{D56C80C0-3196-6482-1A91-D30236DF044C}.Debug|Any CPU.ActiveCfg = Debug|Any CPU
		{D56C80C0-3196-6482-1A91-D30236DF044C}.Debug|Any CPU.Build.0 = Debug|Any CPU
		{D56C80C0-3196-6482-1A91-D30236DF044C}.Release|Any CPU.ActiveCfg = Release|Any CPU
		{D56C80C0-3196-6482-1A91-D30236DF044C}.Release|Any CPU.Build.0 = Release|Any CPU
	EndGlobalSection
	GlobalSection(SolutionProperties) = preSolution
		HideSolutionNode = FALSE
	EndGlobalSection
	GlobalSection(ExtensibilityGlobals) = postSolution
		SolutionGuid = {03E08592-EC13-44EC-9973-9CB2747B0349}
	EndGlobalSection
EndGlobal
